
Microsoft Visual Studio Solution File, Format Version 12.00
Project("{FAE04EC0-301F-11D3-BF4B-00C04F79EFBC}") = "UrlShortener", "UrlShortener\UrlShortener.csproj", "{DECBAFA5-8B03-47D5-992A-1709878E4DBD}"
EndProject
Project("{FAE04EC0-301F-11D3-BF4B-00C04F79EFBC}") = "UrlShortener.Models", "UrlShortener.Models\UrlShortener.Models.csproj", "{0A37D33D-5383-41AD-8B2B-45DAEE1A05CD}"
EndProject
Project("{FAE04EC0-301F-11D3-BF4B-00C04F79EFBC}") = "UrlShortener.Service", "UrlShortener.Service\UrlShortener.Service.csproj", "{1D148A59-E047-4F9E-A0A4-108072252FB0}"
EndProject
Project("{FAE04EC0-301F-11D3-BF4B-00C04F79EFBC}") = "Data", "Data\Data.csproj", "{16881458-598D-44C3-84CE-46C4030D3A77}"
EndProject
Global
	GlobalSection(SolutionConfigurationPlatforms) = preSolution
		Debug|Any CPU = Debug|Any CPU
		Release|Any CPU = Release|Any CPU
	EndGlobalSection
	GlobalSection(ProjectConfigurationPlatforms) = postSolution
		{DECBAFA5-8B03-47D5-992A-1709878E4DBD}.Debug|Any CPU.ActiveCfg = Debug|Any CPU
		{DECBAFA5-8B03-47D5-992A-1709878E4DBD}.Debug|Any CPU.Build.0 = Debug|Any CPU
		{DECBAFA5-8B03-47D5-992A-1709878E4DBD}.Release|Any CPU.ActiveCfg = Release|Any CPU
		{DECBAFA5-8B03-47D5-992A-1709878E4DBD}.Release|Any CPU.Build.0 = Release|Any CPU
		{0A37D33D-5383-41AD-8B2B-45DAEE1A05CD}.Debug|Any CPU.ActiveCfg = Debug|Any CPU
		{0A37D33D-5383-41AD-8B2B-45DAEE1A05CD}.Debug|Any CPU.Build.0 = Debug|Any CPU
		{0A37D33D-5383-41AD-8B2B-45DAEE1A05CD}.Release|Any CPU.ActiveCfg = Release|Any CPU
		{0A37D33D-5383-41AD-8B2B-45DAEE1A05CD}.Release|Any CPU.Build.0 = Release|Any CPU
		{1D148A59-E047-4F9E-A0A4-108072252FB0}.Debug|Any CPU.ActiveCfg = Debug|Any CPU
		{1D148A59-E047-4F9E-A0A4-108072252FB0}.Debug|Any CPU.Build.0 = Debug|Any CPU
		{1D148A59-E047-4F9E-A0A4-108072252FB0}.Release|Any CPU.ActiveCfg = Release|Any CPU
		{1D148A59-E047-4F9E-A0A4-108072252FB0}.Release|Any CPU.Build.0 = Release|Any CPU
		{16881458-598D-44C3-84CE-46C4030D3A77}.Debug|Any CPU.ActiveCfg = Debug|Any CPU
		{16881458-598D-44C3-84CE-46C4030D3A77}.Debug|Any CPU.Build.0 = Debug|Any CPU
		{16881458-598D-44C3-84CE-46C4030D3A77}.Release|Any CPU.ActiveCfg = Release|Any CPU
		{16881458-598D-44C3-84CE-46C4030D3A77}.Release|Any CPU.Build.0 = Release|Any CPU
	EndGlobalSection
EndGlobal
